
Microsoft Visual Studio Solution File, Format Version 12.00
# Visual Studio Version 16
VisualStudioVersion = 16.0.31205.134
MinimumVisualStudioVersion = 10.0.40219.1
Project("{FAE04EC0-301F-11D3-BF4B-00C04F79EFBC}") = "WPF CSharpXAML hw2", "WPF CSharpXAML hw2\WPF CSharpXAML hw2.csproj", "{569E16C5-023D-46A2-8DC6-7D13F56E6CA8}"
EndProject
Global
	GlobalSection(SolutionConfigurationPlatforms) = preSolution
		Debug|Any CPU = Debug|Any CPU
		Release|Any CPU = Release|Any CPU
	EndGlobalSection
	GlobalSection(ProjectConfigurationPlatforms) = postSolution
		{569E16C5-023D-46A2-8DC6-7D13F56E6CA8}.Debug|Any CPU.ActiveCfg = Debug|Any CPU
		{569E16C5-023D-46A2-8DC6-7D13F56E6CA8}.Debug|Any CPU.Build.0 = Debug|Any CPU
		{569E16C5-023D-46A2-8DC6-7D13F56E6CA8}.Release|Any CPU.ActiveCfg = Release|Any CPU
		{569E16C5-023D-46A2-8DC6-7D13F56E6CA8}.Release|Any CPU.Build.0 = Release|Any CPU
	EndGlobalSection
	GlobalSection(SolutionProperties) = preSolution
		HideSolutionNode = FALSE
	EndGlobalSection
	GlobalSection(ExtensibilityGlobals) = postSolution
		SolutionGuid = {8F24AC0C-B122-425D-B358-3F4B1C769078}
	EndGlobalSection
EndGlobal
